
Microsoft Visual Studio Solution File, Format Version 12.00
# Visual Studio Version 17
VisualStudioVersion = 17.0.31903.59
MinimumVisualStudioVersion = 10.0.40219.1
Project("{2150E333-8FDC-42A3-9474-1A3956D46DE8}") = "Domain", "Domain", "{1EE2598A-29A3-450B-B952-ED7FA3588E1E}"
EndProject
Project("{FAE04EC0-301F-11D3-BF4B-00C04F79EFBC}") = "MicroRabbit.Domain.Core", "Domain\MicroRabbit.Domain.Core\MicroRabbit.Domain.Core.csproj", "{515C8140-F8AA-4F12-BD2E-FACAE9DF0C6E}"
EndProject
Project("{2150E333-8FDC-42A3-9474-1A3956D46DE8}") = "Infra.Bus", "Infra.Bus", "{E0413AD1-E9E8-41B8-9D0B-9378B3AEA767}"
EndProject
Project("{FAE04EC0-301F-11D3-BF4B-00C04F79EFBC}") = "MicroRabbit.Infra.Bus", "Infra.Bus\MicroRabbit.Infra.Bus\MicroRabbit.Infra.Bus.csproj", "{90E80201-546F-42E3-8046-52E572FAE7AD}"
EndProject
Project("{2150E333-8FDC-42A3-9474-1A3956D46DE8}") = "Infra.IoC", "Infra.IoC", "{3AC528B0-73E0-421D-B031-2E2F8D8740D5}"
EndProject
Project("{FAE04EC0-301F-11D3-BF4B-00C04F79EFBC}") = "MicroRabbit.Infra.Ioc", "Infra.IoC\MicroRabbit.Infra.Ioc\MicroRabbit.Infra.Ioc.csproj", "{0DA3987D-E29B-49ED-A395-D69C93D95DEC}"
EndProject
Project("{2150E333-8FDC-42A3-9474-1A3956D46DE8}") = "Microservices", "Microservices", "{0E7694CD-3199-490A-A99C-49E2F90BD33D}"
EndProject
Project("{2150E333-8FDC-42A3-9474-1A3956D46DE8}") = "Banking", "Banking", "{8D7D721B-5F60-42ED-99E0-0926C7245224}"
EndProject
Project("{2150E333-8FDC-42A3-9474-1A3956D46DE8}") = "Api", "Api", "{A60390DF-0544-4749-895D-16F3A60AAB18}"
EndProject
Project("{FAE04EC0-301F-11D3-BF4B-00C04F79EFBC}") = "MicroRabbit.Banking.Api", "Microservices\Banking\Api\MicroRabbit.Banking.Api\MicroRabbit.Banking.Api.csproj", "{0E5513CD-C169-4AA0-903D-1A08EFD69D8A}"
EndProject
Project("{2150E333-8FDC-42A3-9474-1A3956D46DE8}") = "Application", "Application", "{1498CFA3-7209-4492-8E6A-B5B3083737C8}"
EndProject
Project("{FAE04EC0-301F-11D3-BF4B-00C04F79EFBC}") = "MicroRabbit.Banking.Application", "Microservices\Banking\Application\MicroRabbit.Banking.Application\MicroRabbit.Banking.Application.csproj", "{8924B296-29B9-4BEE-88D7-F782A11F1604}"
EndProject
Project("{2150E333-8FDC-42A3-9474-1A3956D46DE8}") = "Data", "Data", "{947DE8BE-3591-4245-AF24-AEE51D470ECE}"
EndProject
Project("{FAE04EC0-301F-11D3-BF4B-00C04F79EFBC}") = "MicroRabbit.Banking.Data", "Microservices\Banking\Data\MicroRabbit.Banking.Data\MicroRabbit.Banking.Data.csproj", "{670EAA9F-1050-44A5-B94F-231F626F6309}"
EndProject
Project("{2150E333-8FDC-42A3-9474-1A3956D46DE8}") = "Domain", "Domain", "{1F033819-D71B-47EA-8C6B-52F6B1CB79A6}"
EndProject
Project("{FAE04EC0-301F-11D3-BF4B-00C04F79EFBC}") = "MicroRabbit.Banking.Domain", "Microservices\Banking\Domain\MicroRabbit.Banking.Domain\MicroRabbit.Banking.Domain.csproj", "{B359E4D5-AAA9-4DEE-91CE-F7184458BADB}"
EndProject
Project("{2150E333-8FDC-42A3-9474-1A3956D46DE8}") = "Transfer", "Transfer", "{7F75D3AA-37AA-4855-A8F6-5B5804F6F9C4}"
EndProject
Project("{2150E333-8FDC-42A3-9474-1A3956D46DE8}") = "Api", "Api", "{0595C763-4820-49AF-948A-6CE136E540BE}"
EndProject
Project("{FAE04EC0-301F-11D3-BF4B-00C04F79EFBC}") = "MicroRabbit.Transfer.Api", "Microservices\Transfer\Api\MicroRabbit.Transfer.Api\MicroRabbit.Transfer.Api.csproj", "{204D495B-E5F5-4B93-AD78-AB03F6C2E4DE}"
EndProject
Project("{2150E333-8FDC-42A3-9474-1A3956D46DE8}") = "Application", "Application", "{0C8798F7-1C62-4155-BA8E-111198017D7F}"
EndProject
Project("{FAE04EC0-301F-11D3-BF4B-00C04F79EFBC}") = "MicroRabbit.Transfer.Application", "Microservices\Transfer\Application\MicroRabbit.Transfer.Application\MicroRabbit.Transfer.Application.csproj", "{08E24BE5-83FF-4F2C-B1EA-EE00E797FE42}"
EndProject
Project("{2150E333-8FDC-42A3-9474-1A3956D46DE8}") = "Data", "Data", "{0D16B744-69D8-406E-922F-21E1EEB30B24}"
EndProject
Project("{FAE04EC0-301F-11D3-BF4B-00C04F79EFBC}") = "MicroRabbit.Transfer.Data", "Microservices\Transfer\Data\MicroRabbit.Transfer.Data\MicroRabbit.Transfer.Data.csproj", "{A99D76F5-DC3A-449D-8E41-0B291EFE68F2}"
EndProject
Project("{2150E333-8FDC-42A3-9474-1A3956D46DE8}") = "Domain", "Domain", "{6587A2F7-58FC-4957-B387-232891F1A64E}"
EndProject
Project("{FAE04EC0-301F-11D3-BF4B-00C04F79EFBC}") = "MicroRabbit.Transfer.Domain", "Microservices\Transfer\Domain\MicroRabbit.Transfer.Domain\MicroRabbit.Transfer.Domain.csproj", "{D4EFF42C-D787-4E6C-B693-2F495CC5AF4D}"
EndProject
Global
	GlobalSection(SolutionConfigurationPlatforms) = preSolution
		Debug|Any CPU = Debug|Any CPU
		Release|Any CPU = Release|Any CPU
	EndGlobalSection
	GlobalSection(SolutionProperties) = preSolution
		HideSolutionNode = FALSE
	EndGlobalSection
	GlobalSection(ProjectConfigurationPlatforms) = postSolution
		{515C8140-F8AA-4F12-BD2E-FACAE9DF0C6E}.Debug|Any CPU.ActiveCfg = Debug|Any CPU
		{515C8140-F8AA-4F12-BD2E-FACAE9DF0C6E}.Debug|Any CPU.Build.0 = Debug|Any CPU
		{515C8140-F8AA-4F12-BD2E-FACAE9DF0C6E}.Release|Any CPU.ActiveCfg = Release|Any CPU
		{515C8140-F8AA-4F12-BD2E-FACAE9DF0C6E}.Release|Any CPU.Build.0 = Release|Any CPU
		{90E80201-546F-42E3-8046-52E572FAE7AD}.Debug|Any CPU.ActiveCfg = Debug|Any CPU
		{90E80201-546F-42E3-8046-52E572FAE7AD}.Debug|Any CPU.Build.0 = Debug|Any CPU
		{90E80201-546F-42E3-8046-52E572FAE7AD}.Release|Any CPU.ActiveCfg = Release|Any CPU
		{90E80201-546F-42E3-8046-52E572FAE7AD}.Release|Any CPU.Build.0 = Release|Any CPU
		{0DA3987D-E29B-49ED-A395-D69C93D95DEC}.Debug|Any CPU.ActiveCfg = Debug|Any CPU
		{0DA3987D-E29B-49ED-A395-D69C93D95DEC}.Debug|Any CPU.Build.0 = Debug|Any CPU
		{0DA3987D-E29B-49ED-A395-D69C93D95DEC}.Release|Any CPU.ActiveCfg = Release|Any CPU
		{0DA3987D-E29B-49ED-A395-D69C93D95DEC}.Release|Any CPU.Build.0 = Release|Any CPU
		{0E5513CD-C169-4AA0-903D-1A08EFD69D8A}.Debug|Any CPU.ActiveCfg = Debug|Any CPU
		{0E5513CD-C169-4AA0-903D-1A08EFD69D8A}.Debug|Any CPU.Build.0 = Debug|Any CPU
		{0E5513CD-C169-4AA0-903D-1A08EFD69D8A}.Release|Any CPU.ActiveCfg = Release|Any CPU
		{0E5513CD-C169-4AA0-903D-1A08EFD69D8A}.Release|Any CPU.Build.0 = Release|Any CPU
		{8924B296-29B9-4BEE-88D7-F782A11F1604}.Debug|Any CPU.ActiveCfg = Debug|Any CPU
		{8924B296-29B9-4BEE-88D7-F782A11F1604}.Debug|Any CPU.Build.0 = Debug|Any CPU
		{8924B296-29B9-4BEE-88D7-F782A11F1604}.Release|Any CPU.ActiveCfg = Release|Any CPU
		{8924B296-29B9-4BEE-88D7-F782A11F1604}.Release|Any CPU.Build.0 = Release|Any CPU
		{670EAA9F-1050-44A5-B94F-231F626F6309}.Debug|Any CPU.ActiveCfg = Debug|Any CPU
		{670EAA9F-1050-44A5-B94F-231F626F6309}.Debug|Any CPU.Build.0 = Debug|Any CPU
		{670EAA9F-1050-44A5-B94F-231F626F6309}.Release|Any CPU.ActiveCfg = Release|Any CPU
		{670EAA9F-1050-44A5-B94F-231F626F6309}.Release|Any CPU.Build.0 = Release|Any CPU
		{B359E4D5-AAA9-4DEE-91CE-F7184458BADB}.Debug|Any CPU.ActiveCfg = Debug|Any CPU
		{B359E4D5-AAA9-4DEE-91CE-F7184458BADB}.Debug|Any CPU.Build.0 = Debug|Any CPU
		{B359E4D5-AAA9-4DEE-91CE-F7184458BADB}.Release|Any CPU.ActiveCfg = Release|Any CPU
		{B359E4D5-AAA9-4DEE-91CE-F7184458BADB}.Release|Any CPU.Build.0 = Release|Any CPU
		{204D495B-E5F5-4B93-AD78-AB03F6C2E4DE}.Debug|Any CPU.ActiveCfg = Debug|Any CPU
		{204D495B-E5F5-4B93-AD78-AB03F6C2E4DE}.Debug|Any CPU.Build.0 = Debug|Any CPU
		{204D495B-E5F5-4B93-AD78-AB03F6C2E4DE}.Release|Any CPU.ActiveCfg = Release|Any CPU
		{204D495B-E5F5-4B93-AD78-AB03F6C2E4DE}.Release|Any CPU.Build.0 = Release|Any CPU
		{08E24BE5-83FF-4F2C-B1EA-EE00E797FE42}.Debug|Any CPU.ActiveCfg = Debug|Any CPU
		{08E24BE5-83FF-4F2C-B1EA-EE00E797FE42}.Debug|Any CPU.Build.0 = Debug|Any CPU
		{08E24BE5-83FF-4F2C-B1EA-EE00E797FE42}.Release|Any CPU.ActiveCfg = Release|Any CPU
		{08E24BE5-83FF-4F2C-B1EA-EE00E797FE42}.Release|Any CPU.Build.0 = Release|Any CPU
		{A99D76F5-DC3A-449D-8E41-0B291EFE68F2}.Debug|Any CPU.ActiveCfg = Debug|Any CPU
		{A99D76F5-DC3A-449D-8E41-0B291EFE68F2}.Debug|Any CPU.Build.0 = Debug|Any CPU
		{A99D76F5-DC3A-449D-8E41-0B291EFE68F2}.Release|Any CPU.ActiveCfg = Release|Any CPU
		{A99D76F5-DC3A-449D-8E41-0B291EFE68F2}.Release|Any CPU.Build.0 = Release|Any CPU
		{D4EFF42C-D787-4E6C-B693-2F495CC5AF4D}.Debug|Any CPU.ActiveCfg = Debug|Any CPU
		{D4EFF42C-D787-4E6C-B693-2F495CC5AF4D}.Debug|Any CPU.Build.0 = Debug|Any CPU
		{D4EFF42C-D787-4E6C-B693-2F495CC5AF4D}.Release|Any CPU.ActiveCfg = Release|Any CPU
		{D4EFF42C-D787-4E6C-B693-2F495CC5AF4D}.Release|Any CPU.Build.0 = Release|Any CPU
	EndGlobalSection
	GlobalSection(NestedProjects) = preSolution
		{515C8140-F8AA-4F12-BD2E-FACAE9DF0C6E} = {1EE2598A-29A3-450B-B952-ED7FA3588E1E}
		{90E80201-546F-42E3-8046-52E572FAE7AD} = {E0413AD1-E9E8-41B8-9D0B-9378B3AEA767}
		{0DA3987D-E29B-49ED-A395-D69C93D95DEC} = {3AC528B0-73E0-421D-B031-2E2F8D8740D5}
		{8D7D721B-5F60-42ED-99E0-0926C7245224} = {0E7694CD-3199-490A-A99C-49E2F90BD33D}
		{A60390DF-0544-4749-895D-16F3A60AAB18} = {8D7D721B-5F60-42ED-99E0-0926C7245224}
		{0E5513CD-C169-4AA0-903D-1A08EFD69D8A} = {A60390DF-0544-4749-895D-16F3A60AAB18}
		{1498CFA3-7209-4492-8E6A-B5B3083737C8} = {8D7D721B-5F60-42ED-99E0-0926C7245224}
		{8924B296-29B9-4BEE-88D7-F782A11F1604} = {1498CFA3-7209-4492-8E6A-B5B3083737C8}
		{947DE8BE-3591-4245-AF24-AEE51D470ECE} = {8D7D721B-5F60-42ED-99E0-0926C7245224}
		{670EAA9F-1050-44A5-B94F-231F626F6309} = {947DE8BE-3591-4245-AF24-AEE51D470ECE}
		{1F033819-D71B-47EA-8C6B-52F6B1CB79A6} = {8D7D721B-5F60-42ED-99E0-0926C7245224}
		{B359E4D5-AAA9-4DEE-91CE-F7184458BADB} = {1F033819-D71B-47EA-8C6B-52F6B1CB79A6}
		{7F75D3AA-37AA-4855-A8F6-5B5804F6F9C4} = {0E7694CD-3199-490A-A99C-49E2F90BD33D}
		{0595C763-4820-49AF-948A-6CE136E540BE} = {7F75D3AA-37AA-4855-A8F6-5B5804F6F9C4}
		{204D495B-E5F5-4B93-AD78-AB03F6C2E4DE} = {0595C763-4820-49AF-948A-6CE136E540BE}
		{0C8798F7-1C62-4155-BA8E-111198017D7F} = {7F75D3AA-37AA-4855-A8F6-5B5804F6F9C4}
		{08E24BE5-83FF-4F2C-B1EA-EE00E797FE42} = {0C8798F7-1C62-4155-BA8E-111198017D7F}
		{0D16B744-69D8-406E-922F-21E1EEB30B24} = {7F75D3AA-37AA-4855-A8F6-5B5804F6F9C4}
		{A99D76F5-DC3A-449D-8E41-0B291EFE68F2} = {0D16B744-69D8-406E-922F-21E1EEB30B24}
		{6587A2F7-58FC-4957-B387-232891F1A64E} = {7F75D3AA-37AA-4855-A8F6-5B5804F6F9C4}
		{D4EFF42C-D787-4E6C-B693-2F495CC5AF4D} = {6587A2F7-58FC-4957-B387-232891F1A64E}
	EndGlobalSection
EndGlobal
